
Microsoft Visual Studio Solution File, Format Version 12.00
# Visual Studio 15
Project("{FAE04EC0-301F-11D3-BF4B-00C04F79EFBC}") = "StructuralDesignPattern", "StructuralDesignPattern.csproj", "{57014C9C-1912-40A6-82B3-D4952AFF8DDA}"
EndProject
Global
	GlobalSection(SolutionConfigurationPlatforms) = preSolution
		Debug|x86 = Debug|x86
		Release|x86 = Release|x86
	EndGlobalSection
	GlobalSection(ProjectConfigurationPlatforms) = postSolution
		{57014C9C-1912-40A6-82B3-D4952AFF8DDA}.Debug|x86.ActiveCfg = Debug|x86
		{57014C9C-1912-40A6-82B3-D4952AFF8DDA}.Debug|x86.Build.0 = Debug|x86
		{57014C9C-1912-40A6-82B3-D4952AFF8DDA}.Release|x86.ActiveCfg = Release|x86
		{57014C9C-1912-40A6-82B3-D4952AFF8DDA}.Release|x86.Build.0 = Release|x86
	EndGlobalSection
EndGlobal
